// !$*UTF8*$!
{
	archiveVersion = 1;
	classes = {
	};
	objectVersion = 50;
	objects = {

/* Begin PBXBuildFile section */
		D195B59020C9C778000DB28D /* AppDelegate.swift in Sources */ = {isa = PBXBuildFile; fileRef = D195B58F20C9C778000DB28D /* AppDelegate.swift */; };
		D195B59220C9C778000DB28D /* MainVC.swift in Sources */ = {isa = PBXBuildFile; fileRef = D195B59120C9C778000DB28D /* MainVC.swift */; };
		D195B59520C9C778000DB28D /* Main.storyboard in Resources */ = {isa = PBXBuildFile; fileRef = D195B59320C9C778000DB28D /* Main.storyboard */; };
		D195B59720C9C77A000DB28D /* Assets.xcassets in Resources */ = {isa = PBXBuildFile; fileRef = D195B59620C9C77A000DB28D /* Assets.xcassets */; };
		D195B59A20C9C77A000DB28D /* LaunchScreen.storyboard in Resources */ = {isa = PBXBuildFile; fileRef = D195B59820C9C77A000DB28D /* LaunchScreen.storyboard */; };
		D195B5A420C9D4BD000DB28D /* CurrencyTxtField.swift in Sources */ = {isa = PBXBuildFile; fileRef = D195B5A320C9D4BD000DB28D /* CurrencyTxtField.swift */; };
		D195B5AE20CA130A000DB28D /* windows_shopperTests.swift in Sources */ = {isa = PBXBuildFile; fileRef = D195B5AD20CA130A000DB28D /* windows_shopperTests.swift */; };
		D195B5B720CA1386000DB28D /* Wage.swift in Sources */ = {isa = PBXBuildFile; fileRef = D195B5B620CA1386000DB28D /* Wage.swift */; };
		D195B5B820CA17E0000DB28D /* Wage.swift in Sources */ = {isa = PBXBuildFile; fileRef = D195B5B620CA1386000DB28D /* Wage.swift */; };
/* End PBXBuildFile section */

/* Begin PBXContainerItemProxy section */
		D195B5B020CA130A000DB28D /* PBXContainerItemProxy */ = {
			isa = PBXContainerItemProxy;
			containerPortal = D195B58420C9C778000DB28D /* Project object */;
			proxyType = 1;
			remoteGlobalIDString = D195B58B20C9C778000DB28D;
			remoteInfo = "windows-shopper";
		};
/* End PBXContainerItemProxy section */

/* Begin PBXFileReference section */
		D195B58C20C9C778000DB28D /* windows-shopper.app */ = {isa = PBXFileReference; explicitFileType = wrapper.application; includeInIndex = 0; path = "windows-shopper.app"; sourceTree = BUILT_PRODUCTS_DIR; };
		D195B58F20C9C778000DB28D /* AppDelegate.swift */ = {isa = PBXFileReference; lastKnownFileType = sourcecode.swift; path = AppDelegate.swift; sourceTree = "<group>"; };
		D195B59120C9C778000DB28D /* MainVC.swift */ = {isa = PBXFileReference; lastKnownFileType = sourcecode.swift; path = MainVC.swift; sourceTree = "<group>"; };
		D195B59420C9C778000DB28D /* Base */ = {isa = PBXFileReference; lastKnownFileType = file.storyboard; name = Base; path = Base.lproj/Main.storyboard; sourceTree = "<group>"; };
		D195B59620C9C77A000DB28D /* Assets.xcassets */ = {isa = PBXFileReference; lastKnownFileType = folder.assetcatalog; path = Assets.xcassets; sourceTree = "<group>"; };
		D195B59920C9C77A000DB28D /* Base */ = {isa = PBXFileReference; lastKnownFileType = file.storyboard; name = Base; path = Base.lproj/LaunchScreen.storyboard; sourceTree = "<group>"; };
		D195B59B20C9C77A000DB28D /* Info.plist */ = {isa = PBXFileReference; lastKnownFileType = text.plist.xml; path = Info.plist; sourceTree = "<group>"; };
		D195B5A320C9D4BD000DB28D /* CurrencyTxtField.swift */ = {isa = PBXFileReference; lastKnownFileType = sourcecode.swift; path = CurrencyTxtField.swift; sourceTree = "<group>"; };
		D195B5AB20CA130A000DB28D /* windows-shopperTests.xctest */ = {isa = PBXFileReference; explicitFileType = wrapper.cfbundle; includeInIndex = 0; path = "windows-shopperTests.xctest"; sourceTree = BUILT_PRODUCTS_DIR; };
		D195B5AD20CA130A000DB28D /* windows_shopperTests.swift */ = {isa = PBXFileReference; lastKnownFileType = sourcecode.swift; path = windows_shopperTests.swift; sourceTree = "<group>"; };
		D195B5AF20CA130A000DB28D /* Info.plist */ = {isa = PBXFileReference; lastKnownFileType = text.plist.xml; path = Info.plist; sourceTree = "<group>"; };
		D195B5B620CA1386000DB28D /* Wage.swift */ = {isa = PBXFileReference; lastKnownFileType = sourcecode.swift; path = Wage.swift; sourceTree = "<group>"; };
/* End PBXFileReference section */

/* Begin PBXFrameworksBuildPhase section */
		D195B58920C9C778000DB28D /* Frameworks */ = {
			isa = PBXFrameworksBuildPhase;
			buildActionMask = 2147483647;
			files = (
			);
			runOnlyForDeploymentPostprocessing = 0;
		};
		D195B5A820CA130A000DB28D /* Frameworks */ = {
			isa = PBXFrameworksBuildPhase;
			buildActionMask = 2147483647;
			files = (
			);
			runOnlyForDeploymentPostprocessing = 0;
		};
/* End PBXFrameworksBuildPhase section */

/* Begin PBXGroup section */
		D195B58320C9C778000DB28D = {
			isa = PBXGroup;
			children = (
				D195B58E20C9C778000DB28D /* windows-shopper */,
				D195B5AC20CA130A000DB28D /* windows-shopperTests */,
				D195B58D20C9C778000DB28D /* Products */,
			);
			sourceTree = "<group>";
		};
		D195B58D20C9C778000DB28D /* Products */ = {
			isa = PBXGroup;
			children = (
				D195B58C20C9C778000DB28D /* windows-shopper.app */,
				D195B5AB20CA130A000DB28D /* windows-shopperTests.xctest */,
			);
			name = Products;
			sourceTree = "<group>";
		};
		D195B58E20C9C778000DB28D /* windows-shopper */ = {
			isa = PBXGroup;
			children = (
				D195B5B520CA1344000DB28D /* Model */,
				D195B5A220C9D447000DB28D /* Views */,
				D195B5A120C9CDBA000DB28D /* Controller */,
				D195B58F20C9C778000DB28D /* AppDelegate.swift */,
				D195B59320C9C778000DB28D /* Main.storyboard */,
				D195B59620C9C77A000DB28D /* Assets.xcassets */,
				D195B59820C9C77A000DB28D /* LaunchScreen.storyboard */,
				D195B59B20C9C77A000DB28D /* Info.plist */,
			);
			path = "windows-shopper";
			sourceTree = "<group>";
		};
		D195B5A120C9CDBA000DB28D /* Controller */ = {
			isa = PBXGroup;
			children = (
				D195B59120C9C778000DB28D /* MainVC.swift */,
			);
			path = Controller;
			sourceTree = "<group>";
		};
		D195B5A220C9D447000DB28D /* Views */ = {
			isa = PBXGroup;
			children = (
				D195B5A320C9D4BD000DB28D /* CurrencyTxtField.swift */,
			);
			path = Views;
			sourceTree = "<group>";
		};
		D195B5AC20CA130A000DB28D /* windows-shopperTests */ = {
			isa = PBXGroup;
			children = (
				D195B5AD20CA130A000DB28D /* windows_shopperTests.swift */,
				D195B5AF20CA130A000DB28D /* Info.plist */,
			);
			path = "windows-shopperTests";
			sourceTree = "<group>";
		};
		D195B5B520CA1344000DB28D /* Model */ = {
			isa = PBXGroup;
			children = (
				D195B5B620CA1386000DB28D /* Wage.swift */,
			);
			path = Model;
			sourceTree = "<group>";
		};
/* End PBXGroup section */

/* Begin PBXNativeTarget section */
		D195B58B20C9C778000DB28D /* windows-shopper */ = {
			isa = PBXNativeTarget;
			buildConfigurationList = D195B59E20C9C77A000DB28D /* Build configuration list for PBXNativeTarget "windows-shopper" */;
			buildPhases = (
				D195B58820C9C778000DB28D /* Sources */,
				D195B58920C9C778000DB28D /* Frameworks */,
				D195B58A20C9C778000DB28D /* Resources */,
			);
			buildRules = (
			);
			dependencies = (
			);
			name = "windows-shopper";
			productName = "windows-shopper";
			productReference = D195B58C20C9C778000DB28D /* windows-shopper.app */;
			productType = "com.apple.product-type.application";
		};
		D195B5AA20CA130A000DB28D /* windows-shopperTests */ = {
			isa = PBXNativeTarget;
			buildConfigurationList = D195B5B420CA130A000DB28D /* Build configuration list for PBXNativeTarget "windows-shopperTests" */;
			buildPhases = (
				D195B5A720CA130A000DB28D /* Sources */,
				D195B5A820CA130A000DB28D /* Frameworks */,
				D195B5A920CA130A000DB28D /* Resources */,
			);
			buildRules = (
			);
			dependencies = (
				D195B5B120CA130A000DB28D /* PBXTargetDependency */,
			);
			name = "windows-shopperTests";
			productName = "windows-shopperTests";
			productReference = D195B5AB20CA130A000DB28D /* windows-shopperTests.xctest */;
			productType = "com.apple.product-type.bundle.unit-test";
		};
/* End PBXNativeTarget section */

/* Begin PBXProject section */
		D195B58420C9C778000DB28D /* Project object */ = {
			isa = PBXProject;
			attributes = {
				LastSwiftUpdateCheck = 0940;
				LastUpgradeCheck = 0940;
				ORGANIZATIONNAME = "Juan Bernardo Cruz Ortiz";
				TargetAttributes = {
					D195B58B20C9C778000DB28D = {
						CreatedOnToolsVersion = 9.4;
					};
					D195B5AA20CA130A000DB28D = {
						CreatedOnToolsVersion = 9.4;
						TestTargetID = D195B58B20C9C778000DB28D;
					};
				};
			};
			buildConfigurationList = D195B58720C9C778000DB28D /* Build configuration list for PBXProject "windows-shopper" */;
			compatibilityVersion = "Xcode 9.3";
			developmentRegion = en;
			hasScannedForEncodings = 0;
			knownRegions = (
				en,
				Base,
			);
			mainGroup = D195B58320C9C778000DB28D;
			productRefGroup = D195B58D20C9C778000DB28D /* Products */;
			projectDirPath = "";
			projectRoot = "";
			targets = (
				D195B58B20C9C778000DB28D /* windows-shopper */,
				D195B5AA20CA130A000DB28D /* windows-shopperTests */,
			);
		};
/* End PBXProject section */

/* Begin PBXResourcesBuildPhase section */
		D195B58A20C9C778000DB28D /* Resources */ = {
			isa = PBXResourcesBuildPhase;
			buildActionMask = 2147483647;
			files = (
				D195B59A20C9C77A000DB28D /* LaunchScreen.storyboard in Resources */,
				D195B59720C9C77A000DB28D /* Assets.xcassets in Resources */,
				D195B59520C9C778000DB28D /* Main.storyboard in Resources */,
			);
			runOnlyForDeploymentPostprocessing = 0;
		};
		D195B5A920CA130A000DB28D /* Resources */ = {
			isa = PBXResourcesBuildPhase;
			buildActionMask = 2147483647;
			files = (
			);
			runOnlyForDeploymentPostprocessing = 0;
		};
/* End PBXResourcesBuildPhase section */

/* Begin PBXSourcesBuildPhase section */
		D195B58820C9C778000DB28D /* Sources */ = {
			isa = PBXSourcesBuildPhase;
			buildActionMask = 2147483647;
			files = (
				D195B5A420C9D4BD000DB28D /* CurrencyTxtField.swift in Sources */,
				D195B5B720CA1386000DB28D /* Wage.swift in Sources */,
				D195B59220C9C778000DB28D /* MainVC.swift in Sources */,
				D195B59020C9C778000DB28D /* AppDelegate.swift in Sources */,
			);
			runOnlyForDeploymentPostprocessing = 0;
		};
		D195B5A720CA130A000DB28D /* Sources */ = {
			isa = PBXSourcesBuildPhase;
			buildActionMask = 2147483647;
			files = (
				D195B5AE20CA130A000DB28D /* windows_shopperTests.swift in Sources */,
				D195B5B820CA17E0000DB28D /* Wage.swift in Sources */,
			);
			runOnlyForDeploymentPostprocessing = 0;
		};
/* End PBXSourcesBuildPhase section */

/* Begin PBXTargetDependency section */
		D195B5B120CA130A000DB28D /* PBXTargetDependency */ = {
			isa = PBXTargetDependency;
			target = D195B58B20C9C778000DB28D /* windows-shopper */;
			targetProxy = D195B5B020CA130A000DB28D /* PBXContainerItemProxy */;
		};
/* End PBXTargetDependency section */

/* Begin PBXVariantGroup section */
		D195B59320C9C778000DB28D /* Main.storyboard */ = {
			isa = PBXVariantGroup;
			children = (
				D195B59420C9C778000DB28D /* Base */,
			);
			name = Main.storyboard;
			sourceTree = "<group>";
		};
		D195B59820C9C77A000DB28D /* LaunchScreen.storyboard */ = {
			isa = PBXVariantGroup;
			children = (
				D195B59920C9C77A000DB28D /* Base */,
			);
			name = LaunchScreen.storyboard;
			sourceTree = "<group>";
		};
/* End PBXVariantGroup section */

/* Begin XCBuildConfiguration section */
		D195B59C20C9C77A000DB28D /* Debug */ = {
			isa = XCBuildConfiguration;
			buildSettings = {
				ALWAYS_SEARCH_USER_PATHS = NO;
				CLANG_ANALYZER_NONNULL = YES;
				CLANG_ANALYZER_NUMBER_OBJECT_CONVERSION = YES_AGGRESSIVE;
				CLANG_CXX_LANGUAGE_STANDARD = "gnu++14";
				CLANG_CXX_LIBRARY = "libc++";
				CLANG_ENABLE_MODULES = YES;
				CLANG_ENABLE_OBJC_ARC = YES;
				CLANG_ENABLE_OBJC_WEAK = YES;
				CLANG_WARN_BLOCK_CAPTURE_AUTORELEASING = YES;
				CLANG_WARN_BOOL_CONVERSION = YES;
				CLANG_WARN_COMMA = YES;
				CLANG_WARN_CONSTANT_CONVERSION = YES;
				CLANG_WARN_DEPRECATED_OBJC_IMPLEMENTATIONS = YES;
				CLANG_WARN_DIRECT_OBJC_ISA_USAGE = YES_ERROR;
				CLANG_WARN_DOCUMENTATION_COMMENTS = YES;
				CLANG_WARN_EMPTY_BODY = YES;
				CLANG_WARN_ENUM_CONVERSION = YES;
				CLANG_WARN_INFINITE_RECURSION = YES;
				CLANG_WARN_INT_CONVERSION = YES;
				CLANG_WARN_NON_LITERAL_NULL_CONVERSION = YES;
				CLANG_WARN_OBJC_IMPLICIT_RETAIN_SELF = YES;
				CLANG_WARN_OBJC_LITERAL_CONVERSION = YES;
				CLANG_WARN_OBJC_ROOT_CLASS = YES_ERROR;
				CLANG_WARN_RANGE_LOOP_ANALYSIS = YES;
				CLANG_WARN_STRICT_PROTOTYPES = YES;
				CLANG_WARN_SUSPICIOUS_MOVE = YES;
				CLANG_WARN_UNGUARDED_AVAILABILITY = YES_AGGRESSIVE;
				CLANG_WARN_UNREACHABLE_CODE = YES;
				CLANG_WARN__DUPLICATE_METHOD_MATCH = YES;
				CODE_SIGN_IDENTITY = "iPhone Developer";
				COPY_PHASE_STRIP = NO;
				DEBUG_INFORMATION_FORMAT = dwarf;
				ENABLE_STRICT_OBJC_MSGSEND = YES;
				ENABLE_TESTABILITY = YES;
				GCC_C_LANGUAGE_STANDARD = gnu11;
				GCC_DYNAMIC_NO_PIC = NO;
				GCC_NO_COMMON_BLOCKS = YES;
				GCC_OPTIMIZATION_LEVEL = 0;
				GCC_PREPROCESSOR_DEFINITIONS = (
					"DEBUG=1",
					"$(inherited)",
				);
				GCC_WARN_64_TO_32_BIT_CONVERSION = YES;
				GCC_WARN_ABOUT_RETURN_TYPE = YES_ERROR;
				GCC_WARN_UNDECLARED_SELECTOR = YES;
				GCC_WARN_UNINITIALIZED_AUTOS = YES_AGGRESSIVE;
				GCC_WARN_UNUSED_FUNCTION = YES;
				GCC_WARN_UNUSED_VARIABLE = YES;
				IPHONEOS_DEPLOYMENT_TARGET = 11.4;
				MTL_ENABLE_DEBUG_INFO = YES;
				ONLY_ACTIVE_ARCH = YES;
				SDKROOT = iphoneos;
				SWIFT_ACTIVE_COMPILATION_CONDITIONS = DEBUG;
				SWIFT_OPTIMIZATION_LEVEL = "-Onone";
			};
			name = Debug;
		};
		D195B59D20C9C77A000DB28D /* Release */ = {
			isa = XCBuildConfiguration;
			buildSettings = {
				ALWAYS_SEARCH_USER_PATHS = NO;
				CLANG_ANALYZER_NONNULL = YES;
				CLANG_ANALYZER_NUMBER_OBJECT_CONVERSION = YES_AGGRESSIVE;
				CLANG_CXX_LANGUAGE_STANDARD = "gnu++14";
				CLANG_CXX_LIBRARY = "libc++";
				CLANG_ENABLE_MODULES = YES;
				CLANG_ENABLE_OBJC_ARC = YES;
				CLANG_ENABLE_OBJC_WEAK = YES;
				CLANG_WARN_BLOCK_CAPTURE_AUTORELEASING = YES;
				CLANG_WARN_BOOL_CONVERSION = YES;
				CLANG_WARN_COMMA = YES;
				CLANG_WARN_CONSTANT_CONVERSION = YES;
				CLANG_WARN_DEPRECATED_OBJC_IMPLEMENTATIONS = YES;
				CLANG_WARN_DIRECT_OBJC_ISA_USAGE = YES_ERROR;
				CLANG_WARN_DOCUMENTATION_COMMENTS = YES;
				CLANG_WARN_EMPTY_BODY = YES;
				CLANG_WARN_ENUM_CONVERSION = YES;
				CLANG_WARN_INFINITE_RECURSION = YES;
				CLANG_WARN_INT_CONVERSION = YES;
				CLANG_WARN_NON_LITERAL_NULL_CONVERSION = YES;
				CLANG_WARN_OBJC_IMPLICIT_RETAIN_SELF = YES;
				CLANG_WARN_OBJC_LITERAL_CONVERSION = YES;
				CLANG_WARN_OBJC_ROOT_CLASS = YES_ERROR;
				CLANG_WARN_RANGE_LOOP_ANALYSIS = YES;
				CLANG_WARN_STRICT_PROTOTYPES = YES;
				CLANG_WARN_SUSPICIOUS_MOVE = YES;
				CLANG_WARN_UNGUARDED_AVAILABILITY = YES_AGGRESSIVE;
				CLANG_WARN_UNREACHABLE_CODE = YES;
				CLANG_WARN__DUPLICATE_METHOD_MATCH = YES;
				CODE_SIGN_IDENTITY = "iPhone Developer";
				COPY_PHASE_STRIP = NO;
				DEBUG_INFORMATION_FORMAT = "dwarf-with-dsym";
				ENABLE_NS_ASSERTIONS = NO;
				ENABLE_STRICT_OBJC_MSGSEND = YES;
				GCC_C_LANGUAGE_STANDARD = gnu11;
				GCC_NO_COMMON_BLOCKS = YES;
				GCC_WARN_64_TO_32_BIT_CONVERSION = YES;
				GCC_WARN_ABOUT_RETURN_TYPE = YES_ERROR;
				GCC_WARN_UNDECLARED_SELECTOR = YES;
				GCC_WARN_UNINITIALIZED_AUTOS = YES_AGGRESSIVE;
				GCC_WARN_UNUSED_FUNCTION = YES;
				GCC_WARN_UNUSED_VARIABLE = YES;
				IPHONEOS_DEPLOYMENT_TARGET = 11.4;
				MTL_ENABLE_DEBUG_INFO = NO;
				SDKROOT = iphoneos;
				SWIFT_COMPILATION_MODE = wholemodule;
				SWIFT_OPTIMIZATION_LEVEL = "-O";
				VALIDATE_PRODUCT = YES;
			};
			name = Release;
		};
		D195B59F20C9C77A000DB28D /* Debug */ = {
			isa = XCBuildConfiguration;
			buildSettings = {
				ASSETCATALOG_COMPILER_APPICON_NAME = AppIcon;
				CODE_SIGN_STYLE = Automatic;
				DEVELOPMENT_TEAM = T7G5PRP452;
				INFOPLIST_FILE = "windows-shopper/Info.plist";
				LD_RUNPATH_SEARCH_PATHS = (
					"$(inherited)",
					"@executable_path/Frameworks",
				);
				PRODUCT_BUNDLE_IDENTIFIER = "BCO.windows-shopper";
				PRODUCT_NAME = "$(TARGET_NAME)";
				SWIFT_VERSION = 4.0;
				TARGETED_DEVICE_FAMILY = "1,2";
			};
			name = Debug;
		};
		D195B5A020C9C77A000DB28D /* Release */ = {
			isa = XCBuildConfiguration;
			buildSettings = {
				ASSETCATALOG_COMPILER_APPICON_NAME = AppIcon;
				CODE_SIGN_STYLE = Automatic;
				DEVELOPMENT_TEAM = T7G5PRP452;
				INFOPLIST_FILE = "windows-shopper/Info.plist";
				LD_RUNPATH_SEARCH_PATHS = (
					"$(inherited)",
					"@executable_path/Frameworks",
				);
				PRODUCT_BUNDLE_IDENTIFIER = "BCO.windows-shopper";
				PRODUCT_NAME = "$(TARGET_NAME)";
				SWIFT_VERSION = 4.0;
				TARGETED_DEVICE_FAMILY = "1,2";
			};
			name = Release;
		};
		D195B5B220CA130A000DB28D /* Debug */ = {
			isa = XCBuildConfiguration;
			buildSettings = {
				BUNDLE_LOADER = "$(TEST_HOST)";
				CODE_SIGN_STYLE = Automatic;
				DEVELOPMENT_TEAM = T7G5PRP452;
				INFOPLIST_FILE = "windows-shopperTests/Info.plist";
				LD_RUNPATH_SEARCH_PATHS = (
					"$(inherited)",
					"@executable_path/Frameworks",
					"@loader_path/Frameworks",
				);
				PRODUCT_BUNDLE_IDENTIFIER = "BCO.windows-shopperTests";
				PRODUCT_NAME = "$(TARGET_NAME)";
				SWIFT_VERSION = 4.0;
				TARGETED_DEVICE_FAMILY = "1,2";
				TEST_HOST = "$(BUILT_PRODUCTS_DIR)/windows-shopper.app/windows-shopper";
			};
			name = Debug;
		};
		D195B5B320CA130A000DB28D /* Release */ = {
			isa = XCBuildConfiguration;
			buildSettings = {
				BUNDLE_LOADER = "$(TEST_HOST)";
				CODE_SIGN_STYLE = Automatic;
				DEVELOPMENT_TEAM = T7G5PRP452;
				INFOPLIST_FILE = "windows-shopperTests/Info.plist";
				LD_RUNPATH_SEARCH_PATHS = (
					"$(inherited)",
					"@executable_path/Frameworks",
					"@loader_path/Frameworks",
				);
				PRODUCT_BUNDLE_IDENTIFIER = "BCO.windows-shopperTests";
				PRODUCT_NAME = "$(TARGET_NAME)";
				SWIFT_VERSION = 4.0;
				TARGETED_DEVICE_FAMILY = "1,2";
				TEST_HOST = "$(BUILT_PRODUCTS_DIR)/windows-shopper.app/windows-shopper";
			};
			name = Release;
		};
/* End XCBuildConfiguration section */

/* Begin XCConfigurationList section */
		D195B58720C9C778000DB28D /* Build configuration list for PBXProject "windows-shopper" */ = {
			isa = XCConfigurationList;
			buildConfigurations = (
				D195B59C20C9C77A000DB28D /* Debug */,
				D195B59D20C9C77A000DB28D /* Release */,
			);
			defaultConfigurationIsVisible = 0;
			defaultConfigurationName = Release;
		};
		D195B59E20C9C77A000DB28D /* Build configuration list for PBXNativeTarget "windows-shopper" */ = {
			isa = XCConfigurationList;
			buildConfigurations = (
				D195B59F20C9C77A000DB28D /* Debug */,
				D195B5A020C9C77A000DB28D /* Release */,
			);
			defaultConfigurationIsVisible = 0;
			defaultConfigurationName = Release;
		};
		D195B5B420CA130A000DB28D /* Build configuration list for PBXNativeTarget "windows-shopperTests" */ = {
			isa = XCConfigurationList;
			buildConfigurations = (
				D195B5B220CA130A000DB28D /* Debug */,
				D195B5B320CA130A000DB28D /* Release */,
			);
			defaultConfigurationIsVisible = 0;
			defaultConfigurationName = Release;
		};
/* End XCConfigurationList section */
	};
	rootObject = D195B58420C9C778000DB28D /* Project object */;
}
